# THIS IS AN AUTOGENERATED FILE. DO NOT EDIT THIS FILE DIRECTLY.
# yarn lockfile v1


"@openapitools/openapi-generator-cli@1.0.12-4.3.0":
  version "1.0.12-4.3.0"
  resolved "https://registry.yarnpkg.com/@openapitools/openapi-generator-cli/-/openapi-generator-cli-1.0.12-4.3.0.tgz#845f0bfd47a73bdaa188667c3085d721e0d91785"
  integrity sha512-p6y0ur69/vEslpARrcWg3geujOAjxoQIlIamZGm1cWsu4y4RrEdrolueWA1Lxww2pUzgxvb9PwD6hHFZNNfgrw==
